
Microsoft Visual Studio Solution File, Format Version 12.00
# Visual Studio Version 17
VisualStudioVersion = 17.6.33829.357
MinimumVisualStudioVersion = 10.0.40219.1
Project("{FAE04EC0-301F-11D3-BF4B-00C04F79EFBC}") = "EmailServiceProject", "EmailServiceProject\EmailServiceProject.csproj", "{622AD7DD-30C3-48AD-A7EB-034B61FE6F37}"
EndProject
Global
	GlobalSection(SolutionConfigurationPlatforms) = preSolution
		Debug|Any CPU = Debug|Any CPU
		Release|Any CPU = Release|Any CPU
	EndGlobalSection
	GlobalSection(ProjectConfigurationPlatforms) = postSolution
		{622AD7DD-30C3-48AD-A7EB-034B61FE6F37}.Debug|Any CPU.ActiveCfg = Debug|Any CPU
		{622AD7DD-30C3-48AD-A7EB-034B61FE6F37}.Debug|Any CPU.Build.0 = Debug|Any CPU
		{622AD7DD-30C3-48AD-A7EB-034B61FE6F37}.Release|Any CPU.ActiveCfg = Release|Any CPU
		{622AD7DD-30C3-48AD-A7EB-034B61FE6F37}.Release|Any CPU.Build.0 = Release|Any CPU
	EndGlobalSection
	GlobalSection(SolutionProperties) = preSolution
		HideSolutionNode = FALSE
	EndGlobalSection
	GlobalSection(ExtensibilityGlobals) = postSolution
		SolutionGuid = {C4522FD8-F792-4C4E-A691-89A01C96631F}
	EndGlobalSection
EndGlobal
